{
  "name": "mike-kimpel",
  "lockfileVersion": 3,
  "requires": true,
  "packages": {
    "": {
      "dependencies": {
        "@dicebear/collection": "^9.2.4",
        "@dicebear/core": "^9.2.4",
        "@heroicons/react": "^2.2.0",
        "@lottiefiles/react-lottie-player": "^3.6.0",
        "lucide-react": "^0.553.0",
        "phosphor-react": "^1.4.1",
        "react-icons": "^5.5.0"
      }
    },
    "node_modules/@dicebear/adventurer": {
      "version": "9.2.4",
      "resolved": "https://registry.npmjs.org/@dicebear/adventurer/-/adventurer-9.2.4.tgz",
      "integrity": "sha512-Xvboay3VH1qe7lH17T+bA3qPawf5EjccssDiyhCX/VT0P21c65JyjTIUJV36Nsv08HKeyDscyP0kgt9nPTRKvA==",
      "engines": {
        "node": ">=18.0.0"
      },
      "peerDependencies": {
        "@dicebear/core": "^9.0.0"
      }
    },
    "node_modules/@dicebear/adventurer-neutral": {
      "version": "9.2.4",
      "resolved": "https://registry.npmjs.org/@dicebear/adventurer-neutral/-/adventurer-neutral-9.2.4.tgz",
      "integrity": "sha512-I9IrB4ZYbUHSOUpWoUbfX3vG8FrjcW8htoQ4bEOR7TYOKKE11Mo1nrGMuHZ7GPfwN0CQeK1YVJhWqLTmtYn7Pg==",
      "engines": {
        "node": ">=18.0.0"
      },
      "peerDependencies": {
        "@dicebear/core": "^9.0.0"
      }
    },
    "node_modules/@dicebear/avataaars": {
      "version": "9.2.4",
      "resolved": "https://registry.npmjs.org/@dicebear/avataaars/-/avataaars-9.2.4.tgz",
      "integrity": "sha512-QKNBtA/1QGEzR+JjS4XQyrFHYGbzdOp0oa6gjhGhUDrMegDFS8uyjdRfDQsFTebVkyLWjgBQKZEiDqKqHptB6A==",
      "engines": {
        "node": ">=18.0.0"
      },
      "peerDependencies": {
        "@dicebear/core": "^9.0.0"
      }
    },
    "node_modules/@dicebear/avataaars-neutral": {
      "version": "9.2.4",
      "resolved": "https://registry.npmjs.org/@dicebear/avataaars-neutral/-/avataaars-neutral-9.2.4.tgz",
      "integrity": "sha512-HtBvA7elRv50QTOOsBdtYB1GVimCpGEDlDgWsu1snL5Z3d1+3dIESoXQd3mXVvKTVT8Z9ciA4TEaF09WfxDjAA==",
      "engines": {
        "node": ">=18.0.0"
      },
      "peerDependencies": {
        "@dicebear/core": "^9.0.0"
      }
    },
    "node_modules/@dicebear/big-ears": {
      "version": "9.2.4",
      "resolved": "https://registry.npmjs.org/@dicebear/big-ears/-/big-ears-9.2.4.tgz",
      "integrity": "sha512-U33tbh7Io6wG6ViUMN5fkWPER7hPKMaPPaYgafaYQlCT4E7QPKF2u8X1XGag3jCKm0uf4SLXfuZ8v+YONcHmNQ==",
      "engines": {
        "node": ">=18.0.0"
      },
      "peerDependencies": {
        "@dicebear/core": "^9.0.0"
      }
    },
    "node_modules/@dicebear/big-ears-neutral": {
      "version": "9.2.4",
      "resolved": "https://registry.npmjs.org/@dicebear/big-ears-neutral/-/big-ears-neutral-9.2.4.tgz",
      "integrity": "sha512-pPjYu80zMFl43A9sa5+tAKPkhp4n9nd7eN878IOrA1HAowh/XePh5JN8PTkNFS9eM+rnN9m8WX08XYFe30kLYw==",
      "engines": {
        "node": ">=18.0.0"
      },
      "peerDependencies": {
        "@dicebear/core": "^9.0.0"
      }
    },
    "node_modules/@dicebear/big-smile": {
      "version": "9.2.4",
      "resolved": "https://registry.npmjs.org/@dicebear/big-smile/-/big-smile-9.2.4.tgz",
      "integrity": "sha512-zeEfXOOXy7j9tfkPLzfQdLBPyQsctBetTdEfKRArc1k3RUliNPxfJG9j88+cXQC6GXrVW2pcT2X50NSPtugCFQ==",
      "engines": {
        "node": ">=18.0.0"
      },
      "peerDependencies": {
        "@dicebear/core": "^9.0.0"
      }
    },
    "node_modules/@dicebear/bottts": {
      "version": "9.2.4",
      "resolved": "https://registry.npmjs.org/@dicebear/bottts/-/bottts-9.2.4.tgz",
      "integrity": "sha512-4CTqrnVg+NQm6lZ4UuCJish8gGWe8EqSJrzvHQRO5TEyAKjYxbTdVqejpkycG1xkawha4FfxsYgtlSx7UwoVMw==",
      "engines": {
        "node": ">=18.0.0"
      },
      "peerDependencies": {
        "@dicebear/core": "^9.0.0"
      }
    },
    "node_modules/@dicebear/bottts-neutral": {
      "version": "9.2.4",
      "resolved": "https://registry.npmjs.org/@dicebear/bottts-neutral/-/bottts-neutral-9.2.4.tgz",
      "integrity": "sha512-eMVdofdD/udHsKIaeWEXShDRtiwk7vp4FjY7l0f79vIzfhkIsXKEhPcnvHKOl/yoArlDVS3Uhgjj0crWTO9RJA==",
      "engines": {
        "node": ">=18.0.0"
      },
      "peerDependencies": {
        "@dicebear/core": "^9.0.0"
      }
    },
    "node_modules/@dicebear/collection": {
      "version": "9.2.4",
      "resolved": "https://registry.npmjs.org/@dicebear/collection/-/collection-9.2.4.tgz",
      "integrity": "sha512-I1wCUp0yu5qSIeMQHmDYXQIXKkKjcja/SYBxppPkYFXpR2alxb0k9/swFDdMbkY6a1c9AT1kI1y+Pg6ywQ2rTA==",
      "dependencies": {
        "@dicebear/adventurer": "9.2.4",
        "@dicebear/adventurer-neutral": "9.2.4",
        "@dicebear/avataaars": "9.2.4",
        "@dicebear/avataaars-neutral": "9.2.4",
        "@dicebear/big-ears": "9.2.4",
        "@dicebear/big-ears-neutral": "9.2.4",
        "@dicebear/big-smile": "9.2.4",
        "@dicebear/bottts": "9.2.4",
        "@dicebear/bottts-neutral": "9.2.4",
        "@dicebear/croodles": "9.2.4",
        "@dicebear/croodles-neutral": "9.2.4",
        "@dicebear/dylan": "9.2.4",
        "@dicebear/fun-emoji": "9.2.4",
        "@dicebear/glass": "9.2.4",
        "@dicebear/icons": "9.2.4",
        "@dicebear/identicon": "9.2.4",
        "@dicebear/initials": "9.2.4",
        "@dicebear/lorelei": "9.2.4",
        "@dicebear/lorelei-neutral": "9.2.4",
        "@dicebear/micah": "9.2.4",
        "@dicebear/miniavs": "9.2.4",
        "@dicebear/notionists": "9.2.4",
        "@dicebear/notionists-neutral": "9.2.4",
        "@dicebear/open-peeps": "9.2.4",
        "@dicebear/personas": "9.2.4",
        "@dicebear/pixel-art": "9.2.4",
        "@dicebear/pixel-art-neutral": "9.2.4",
        "@dicebear/rings": "9.2.4",
        "@dicebear/shapes": "9.2.4",
        "@dicebear/thumbs": "9.2.4"
      },
      "engines": {
        "node": ">=18.0.0"
      },
      "peerDependencies": {
        "@dicebear/core": "^9.0.0"
      }
    },
    "node_modules/@dicebear/core": {
      "version": "9.2.4",
      "resolved": "https://registry.npmjs.org/@dicebear/core/-/core-9.2.4.tgz",
      "integrity": "sha512-hz6zArEcUwkZzGOSJkWICrvqnEZY7BKeiq9rqKzVJIc1tRVv0MkR0FGvIxSvXiK9TTIgKwu656xCWAGAl6oh+w==",
      "dependencies": {
        "@types/json-schema": "^7.0.11"
      },
      "engines": {
        "node": ">=18.0.0"
      }
    },
    "node_modules/@dicebear/croodles": {
      "version": "9.2.4",
      "resolved": "https://registry.npmjs.org/@dicebear/croodles/-/croodles-9.2.4.tgz",
      "integrity": "sha512-CqT0NgVfm+5kd+VnjGY4WECNFeOrj5p7GCPTSEA7tCuN72dMQOX47P9KioD3wbExXYrIlJgOcxNrQeb/FMGc3A==",
      "engines": {
        "node": ">=18.0.0"
      },
      "peerDependencies": {
        "@dicebear/core": "^9.0.0"
      }
    },
    "node_modules/@dicebear/croodles-neutral": {
      "version": "9.2.4",
      "resolved": "https://registry.npmjs.org/@dicebear/croodles-neutral/-/croodles-neutral-9.2.4.tgz",
      "integrity": "sha512-8vAS9lIEKffSUVx256GSRAlisB8oMX38UcPWw72venO/nitLVsyZ6hZ3V7eBdII0Onrjqw1RDndslQODbVcpTw==",
      "engines": {
        "node": ">=18.0.0"
      },
      "peerDependencies": {
        "@dicebear/core": "^9.0.0"
      }
    },
    "node_modules/@dicebear/dylan": {
      "version": "9.2.4",
      "resolved": "https://registry.npmjs.org/@dicebear/dylan/-/dylan-9.2.4.tgz",
      "integrity": "sha512-tiih1358djAq0jDDzmW3N3S4C3ynC2yn4hhlTAq/MaUAQtAi47QxdHdFGdxH0HBMZKqA4ThLdVk3yVgN4xsukg==",
      "engines": {
        "node": ">=18.0.0"
      },
      "peerDependencies": {
        "@dicebear/core": "^9.0.0"
      }
    },
    "node_modules/@dicebear/fun-emoji": {
      "version": "9.2.4",
      "resolved": "https://registry.npmjs.org/@dicebear/fun-emoji/-/fun-emoji-9.2.4.tgz",
      "integrity": "sha512-Od729skczse1HvHekgEFv+mSuJKMC4sl5hENGi/izYNe6DZDqJrrD0trkGT/IVh/SLXUFbq1ZFY9I2LoUGzFZg==",
      "engines": {
        "node": ">=18.0.0"
      },
      "peerDependencies": {
        "@dicebear/core": "^9.0.0"
      }
    },
    "node_modules/@dicebear/glass": {
      "version": "9.2.4",
      "resolved": "https://registry.npmjs.org/@dicebear/glass/-/glass-9.2.4.tgz",
      "integrity": "sha512-5lxbJode1t99eoIIgW0iwZMoZU4jNMJv/6vbsgYUhAslYFX5zP0jVRscksFuo89TTtS7YKqRqZAL3eNhz4bTDw==",
      "engines": {
        "node": ">=18.0.0"
      },
      "peerDependencies": {
        "@dicebear/core": "^9.0.0"
      }
    },
    "node_modules/@dicebear/icons": {
      "version": "9.2.4",
      "resolved": "https://registry.npmjs.org/@dicebear/icons/-/icons-9.2.4.tgz",
      "integrity": "sha512-bRsK1qj8u9Z76xs8XhXlgVr/oHh68tsHTJ/1xtkX9DeTQTSamo2tS26+r231IHu+oW3mePtFnwzdG9LqEPRd4A==",
      "engines": {
        "node": ">=18.0.0"
      },
      "peerDependencies": {
        "@dicebear/core": "^9.0.0"
      }
    },
    "node_modules/@dicebear/identicon": {
      "version": "9.2.4",
      "resolved": "https://registry.npmjs.org/@dicebear/identicon/-/identicon-9.2.4.tgz",
      "integrity": "sha512-R9nw/E8fbu9HltHOqI9iL/o9i7zM+2QauXWMreQyERc39oGR9qXiwgBxsfYGcIS4C85xPyuL5B3I2RXrLBlJPg==",
      "engines": {
        "node": ">=18.0.0"
      },
      "peerDependencies": {
        "@dicebear/core": "^9.0.0"
      }
    },
    "node_modules/@dicebear/initials": {
      "version": "9.2.4",
      "resolved": "https://registry.npmjs.org/@dicebear/initials/-/initials-9.2.4.tgz",
      "integrity": "sha512-4SzHG5WoQZl1TGcpEZR4bdsSkUVqwNQCOwWSPAoBJa3BNxbVsvL08LF7I97BMgrCoknWZjQHUYt05amwTPTKtg==",
      "engines": {
        "node": ">=18.0.0"
      },
      "peerDependencies": {
        "@dicebear/core": "^9.0.0"
      }
    },
    "node_modules/@dicebear/lorelei": {
      "version": "9.2.4",
      "resolved": "https://registry.npmjs.org/@dicebear/lorelei/-/lorelei-9.2.4.tgz",
      "integrity": "sha512-eS4mPYUgDpo89HvyFAx/kgqSSKh8W4zlUA8QJeIUCWTB0WpQmeqkSgIyUJjGDYSrIujWi+zEhhckksM5EwW0Dg==",
      "engines": {
        "node": ">=18.0.0"
      },
      "peerDependencies": {
        "@dicebear/core": "^9.0.0"
      }
    },
    "node_modules/@dicebear/lorelei-neutral": {
      "version": "9.2.4",
      "resolved": "https://registry.npmjs.org/@dicebear/lorelei-neutral/-/lorelei-neutral-9.2.4.tgz",
      "integrity": "sha512-bWq2/GonbcJULtT+B/MGcM2UnA7kBQoH+INw8/oW83WI3GNTZ6qEwe3/W4QnCgtSOhUsuwuiSULguAFyvtkOZQ==",
      "engines": {
        "node": ">=18.0.0"
      },
      "peerDependencies": {
        "@dicebear/core": "^9.0.0"
      }
    },
    "node_modules/@dicebear/micah": {
      "version": "9.2.4",
      "resolved": "https://registry.npmjs.org/@dicebear/micah/-/micah-9.2.4.tgz",
      "integrity": "sha512-XNWJ8Mx+pncIV8Ye0XYc/VkMiax8kTxcP3hLTC5vmELQyMSLXzg/9SdpI+W/tCQghtPZRYTT3JdY9oU9IUlP2g==",
      "engines": {
        "node": ">=18.0.0"
      },
      "peerDependencies": {
        "@dicebear/core": "^9.0.0"
      }
    },
    "node_modules/@dicebear/miniavs": {
      "version": "9.2.4",
      "resolved": "https://registry.npmjs.org/@dicebear/miniavs/-/miniavs-9.2.4.tgz",
      "integrity": "sha512-k7IYTAHE/4jSO6boMBRrNlqPT3bh7PLFM1atfe0nOeCDwmz/qJUBP3HdONajbf3fmo8f2IZYhELrNWTOE7Ox3Q==",
      "engines": {
        "node": ">=18.0.0"
      },
      "peerDependencies": {
        "@dicebear/core": "^9.0.0"
      }
    },
    "node_modules/@dicebear/notionists": {
      "version": "9.2.4",
      "resolved": "https://registry.npmjs.org/@dicebear/notionists/-/notionists-9.2.4.tgz",
      "integrity": "sha512-zcvpAJ93EfC0xQffaPZQuJPShwPhnu9aTcoPsaYGmw0oEDLcv2XYmDhUUdX84QYCn6LtCZH053rHLVazRW+OGw==",
      "engines": {
        "node": ">=18.0.0"
      },
      "peerDependencies": {
        "@dicebear/core": "^9.0.0"
      }
    },
    "node_modules/@dicebear/notionists-neutral": {
      "version": "9.2.4",
      "resolved": "https://registry.npmjs.org/@dicebear/notionists-neutral/-/notionists-neutral-9.2.4.tgz",
      "integrity": "sha512-fskWzBVxQzJhCKqY24DGZbYHSBaauoRa1DgXM7+7xBuksH7mfbTmZTvnUAsAqJYBkla8IPb4ERKduDWtlWYYjQ==",
      "engines": {
        "node": ">=18.0.0"
      },
      "peerDependencies": {
        "@dicebear/core": "^9.0.0"
      }
    },
    "node_modules/@dicebear/open-peeps": {
      "version": "9.2.4",
      "resolved": "https://registry.npmjs.org/@dicebear/open-peeps/-/open-peeps-9.2.4.tgz",
      "integrity": "sha512-s6nwdjXFsplqEI7imlsel4Gt6kFVJm6YIgtZSpry0UdwDoxUUudei5bn957j9lXwVpVUcRjJW+TuEKztYjXkKQ==",
      "engines": {
        "node": ">=18.0.0"
      },
      "peerDependencies": {
        "@dicebear/core": "^9.0.0"
      }
    },
    "node_modules/@dicebear/personas": {
      "version": "9.2.4",
      "resolved": "https://registry.npmjs.org/@dicebear/personas/-/personas-9.2.4.tgz",
      "integrity": "sha512-JNim8RfZYwb0MfxW6DLVfvreCFIevQg+V225Xe5tDfbFgbcYEp4OU/KaiqqO2476OBjCw7i7/8USbv2acBhjwA==",
      "engines": {
        "node": ">=18.0.0"
      },
      "peerDependencies": {
        "@dicebear/core": "^9.0.0"
      }
    },
    "node_modules/@dicebear/pixel-art": {
      "version": "9.2.4",
      "resolved": "https://registry.npmjs.org/@dicebear/pixel-art/-/pixel-art-9.2.4.tgz",
      "integrity": "sha512-4Ao45asieswUdlCTBZqcoF/0zHR3OWUWB0Mvhlu9b1Fbc6IlPBiOfx2vsp6bnVGVnMag58tJLecx2omeXdECBQ==",
      "engines": {
        "node": ">=18.0.0"
      },
      "peerDependencies": {
        "@dicebear/core": "^9.0.0"
      }
    },
    "node_modules/@dicebear/pixel-art-neutral": {
      "version": "9.2.4",
      "resolved": "https://registry.npmjs.org/@dicebear/pixel-art-neutral/-/pixel-art-neutral-9.2.4.tgz",
      "integrity": "sha512-ZITPLD1cPN4GjKkhWi80s7e5dcbXy34ijWlvmxbc4eb/V7fZSsyRa9EDUW3QStpo+xrCJLcLR+3RBE5iz0PC/A==",
      "engines": {
        "node": ">=18.0.0"
      },
      "peerDependencies": {
        "@dicebear/core": "^9.0.0"
      }
    },
    "node_modules/@dicebear/rings": {
      "version": "9.2.4",
      "resolved": "https://registry.npmjs.org/@dicebear/rings/-/rings-9.2.4.tgz",
      "integrity": "sha512-teZxELYyV2ogzgb5Mvtn/rHptT0HXo9SjUGS4A52mOwhIdHSGGU71MqA1YUzfae9yJThsw6K7Z9kzuY2LlZZHA==",
      "engines": {
        "node": ">=18.0.0"
      },
      "peerDependencies": {
        "@dicebear/core": "^9.0.0"
      }
    },
    "node_modules/@dicebear/shapes": {
      "version": "9.2.4",
      "resolved": "https://registry.npmjs.org/@dicebear/shapes/-/shapes-9.2.4.tgz",
      "integrity": "sha512-MhK9ZdFm1wUnH4zWeKPRMZ98UyApolf5OLzhCywfu38tRN6RVbwtBRHc/42ZwoN1JU1JgXr7hzjYucMqISHtbA==",
      "engines": {
        "node": ">=18.0.0"
      },
      "peerDependencies": {
        "@dicebear/core": "^9.0.0"
      }
    },
    "node_modules/@dicebear/thumbs": {
      "version": "9.2.4",
      "resolved": "https://registry.npmjs.org/@dicebear/thumbs/-/thumbs-9.2.4.tgz",
      "integrity": "sha512-EL4sMqv9p2+1Xy3d8e8UxyeKZV2+cgt3X2x2RTRzEOIIhobtkL8u6lJxmJbiGbpVtVALmrt5e7gjmwqpryYDpg==",
      "engines": {
        "node": ">=18.0.0"
      },
      "peerDependencies": {
        "@dicebear/core": "^9.0.0"
      }
    },
    "node_modules/@heroicons/react": {
      "version": "2.2.0",
      "resolved": "https://registry.npmjs.org/@heroicons/react/-/react-2.2.0.tgz",
      "integrity": "sha512-LMcepvRaS9LYHJGsF0zzmgKCUim/X3N/DQKc4jepAXJ7l8QxJ1PmxJzqplF2Z3FE4PqBAIGyJAQ/w4B5dsqbtQ==",
      "peerDependencies": {
        "react": ">= 16 || ^19.0.0-rc"
      }
    },
    "node_modules/@lottiefiles/react-lottie-player": {
      "version": "3.6.0",
      "resolved": "https://registry.npmjs.org/@lottiefiles/react-lottie-player/-/react-lottie-player-3.6.0.tgz",
      "integrity": "sha512-WK5TriLJT93VF3w4IjSVyveiedraZCnDhKzCPhpbeLgQeMi6zufxa3dXNc4HmAFRXq+LULPAy+Idv1rAfkReMA==",
      "dependencies": {
        "lottie-web": "^5.12.2"
      },
      "peerDependencies": {
        "react": "16 - 19"
      }
    },
    "node_modules/@types/json-schema": {
      "version": "7.0.15",
      "resolved": "https://registry.npmjs.org/@types/json-schema/-/json-schema-7.0.15.tgz",
      "integrity": "sha512-5+fP8P8MFNC+AyZCDxrB2pkZFPGzqQWUzpSeuuVLvm8VMcorNYavBqoFcxK8bQz4Qsbn4oUEEem4wDLfcysGHA=="
    },
    "node_modules/lottie-web": {
      "version": "5.13.0",
      "resolved": "https://registry.npmjs.org/lottie-web/-/lottie-web-5.13.0.tgz",
      "integrity": "sha512-+gfBXl6sxXMPe8tKQm7qzLnUy5DUPJPKIyRHwtpCpyUEYjHYRJC/5gjUvdkuO2c3JllrPtHXH5UJJK8LRYl5yQ=="
    },
    "node_modules/lucide-react": {
      "version": "0.553.0",
      "resolved": "https://registry.npmjs.org/lucide-react/-/lucide-react-0.553.0.tgz",
      "integrity": "sha512-BRgX5zrWmNy/lkVAe0dXBgd7XQdZ3HTf+Hwe3c9WK6dqgnj9h+hxV+MDncM88xDWlCq27+TKvHGE70ViODNILw==",
      "peerDependencies": {
        "react": "^16.5.1 || ^17.0.0 || ^18.0.0 || ^19.0.0"
      }
    },
    "node_modules/phosphor-react": {
      "version": "1.4.1",
      "resolved": "https://registry.npmjs.org/phosphor-react/-/phosphor-react-1.4.1.tgz",
      "integrity": "sha512-gO5j7U0xZrdglTAYDYPACU4xDOFBTJmptrrB/GeR+tHhCZF3nUMyGmV/0hnloKjuTrOmpSFlbfOY78H39rgjUQ==",
      "engines": {
        "node": ">=10"
      },
      "peerDependencies": {
        "react": ">=16"
      }
    },
    "node_modules/react": {
      "version": "19.2.0",
      "resolved": "https://registry.npmjs.org/react/-/react-19.2.0.tgz",
      "integrity": "sha512-tmbWg6W31tQLeB5cdIBOicJDJRR2KzXsV7uSK9iNfLWQ5bIZfxuPEHp7M8wiHyHnn0DD1i7w3Zmin0FtkrwoCQ==",
      "peer": true,
      "engines": {
        "node": ">=0.10.0"
      }
    },
    "node_modules/react-icons": {
      "version": "5.5.0",
      "resolved": "https://registry.npmjs.org/react-icons/-/react-icons-5.5.0.tgz",
      "integrity": "sha512-MEFcXdkP3dLo8uumGI5xN3lDFNsRtrjbOEKDLD7yv76v4wpnEq2Lt2qeHaQOr34I/wPN3s3+N08WkQ+CW37Xiw==",
      "peerDependencies": {
        "react": "*"
      }
    }
  }
}
